
Microsoft Visual Studio Solution File, Format Version 12.00
# Visual Studio Version 16
VisualStudioVersion = 16.0.31515.178
MinimumVisualStudioVersion = 10.0.40219.1
Project("{9A19103F-16F7-4668-BE54-9A1E7A4F7556}") = "PokedexApi", "PokedexApi\PokedexApi.csproj", "{5CD10392-B6DB-4BA9-B1BA-44031DA35561}"
EndProject
Project("{2150E333-8FDC-42A3-9474-1A3956D46DE8}") = "Solution Items", "Solution Items", "{809F40DD-5D14-4275-9554-D99CF7F14015}"
	ProjectSection(SolutionItems) = preProject
		.editorconfig = .editorconfig
		README.md = README.md
	EndProjectSection
EndProject
Project("{FAE04EC0-301F-11D3-BF4B-00C04F79EFBC}") = "PokedexApi.Core", "PokedexApi.Core\PokedexApi.Core.csproj", "{11FA06AF-EC4D-463E-A3FF-96BA95EE13F1}"
EndProject
Project("{FAE04EC0-301F-11D3-BF4B-00C04F79EFBC}") = "PokedexApi.Infrastructure", "PokedexApi.Infrastructure\PokedexApi.Infrastructure.csproj", "{9584A0DD-0810-4AFF-8CD6-9A387695D14A}"
EndProject
Global
	GlobalSection(SolutionConfigurationPlatforms) = preSolution
		Debug|Any CPU = Debug|Any CPU
		Release|Any CPU = Release|Any CPU
	EndGlobalSection
	GlobalSection(ProjectConfigurationPlatforms) = postSolution
		{5CD10392-B6DB-4BA9-B1BA-44031DA35561}.Debug|Any CPU.ActiveCfg = Debug|Any CPU
		{5CD10392-B6DB-4BA9-B1BA-44031DA35561}.Debug|Any CPU.Build.0 = Debug|Any CPU
		{5CD10392-B6DB-4BA9-B1BA-44031DA35561}.Release|Any CPU.ActiveCfg = Release|Any CPU
		{5CD10392-B6DB-4BA9-B1BA-44031DA35561}.Release|Any CPU.Build.0 = Release|Any CPU
		{11FA06AF-EC4D-463E-A3FF-96BA95EE13F1}.Debug|Any CPU.ActiveCfg = Debug|Any CPU
		{11FA06AF-EC4D-463E-A3FF-96BA95EE13F1}.Debug|Any CPU.Build.0 = Debug|Any CPU
		{11FA06AF-EC4D-463E-A3FF-96BA95EE13F1}.Release|Any CPU.ActiveCfg = Release|Any CPU
		{11FA06AF-EC4D-463E-A3FF-96BA95EE13F1}.Release|Any CPU.Build.0 = Release|Any CPU
		{9584A0DD-0810-4AFF-8CD6-9A387695D14A}.Debug|Any CPU.ActiveCfg = Debug|Any CPU
		{9584A0DD-0810-4AFF-8CD6-9A387695D14A}.Debug|Any CPU.Build.0 = Debug|Any CPU
		{9584A0DD-0810-4AFF-8CD6-9A387695D14A}.Release|Any CPU.ActiveCfg = Release|Any CPU
		{9584A0DD-0810-4AFF-8CD6-9A387695D14A}.Release|Any CPU.Build.0 = Release|Any CPU
	EndGlobalSection
	GlobalSection(SolutionProperties) = preSolution
		HideSolutionNode = FALSE
	EndGlobalSection
	GlobalSection(ExtensibilityGlobals) = postSolution
		SolutionGuid = {CBDD4C4B-EBBF-4A92-A0E6-9E748754EE42}
	EndGlobalSection
EndGlobal
